
Microsoft Visual Studio Solution File, Format Version 12.00
# Visual Studio Version 17
VisualStudioVersion = 17.9.34728.123
MinimumVisualStudioVersion = 10.0.40219.1
Project("{FAE04EC0-301F-11D3-BF4B-00C04F79EFBC}") = "Washy_WEB", "Washy_WEB\Washy_WEB.csproj", "{851834B8-1C2A-45FB-9047-55E18C715D8C}"
EndProject
Global
	GlobalSection(SolutionConfigurationPlatforms) = preSolution
		Debug|Any CPU = Debug|Any CPU
		Release|Any CPU = Release|Any CPU
	EndGlobalSection
	GlobalSection(ProjectConfigurationPlatforms) = postSolution
		{851834B8-1C2A-45FB-9047-55E18C715D8C}.Debug|Any CPU.ActiveCfg = Debug|Any CPU
		{851834B8-1C2A-45FB-9047-55E18C715D8C}.Debug|Any CPU.Build.0 = Debug|Any CPU
		{851834B8-1C2A-45FB-9047-55E18C715D8C}.Release|Any CPU.ActiveCfg = Release|Any CPU
		{851834B8-1C2A-45FB-9047-55E18C715D8C}.Release|Any CPU.Build.0 = Release|Any CPU
	EndGlobalSection
	GlobalSection(SolutionProperties) = preSolution
		HideSolutionNode = FALSE
	EndGlobalSection
	GlobalSection(ExtensibilityGlobals) = postSolution
		SolutionGuid = {42DDE536-118B-4C0F-B932-343E8045A17B}
	EndGlobalSection
EndGlobal
